PODS:
  - AliPay_SDK (15.6.5)
  - CloudPay (0.2.0):
    - AliPay_SDK
    - WebViewJavascriptBridge
    - WechatOpenSDK
  - WebViewJavascriptBridge (6.0.3)
  - WechatOpenSDK (1.9.7)

DEPENDENCIES:
  - CloudPay (from `../`)

SPEC REPOS:
  https://github.com/CocoaPods/Specs.git:
    - AliPay_SDK
    - WebViewJavascriptBridge
    - WechatOpenSDK

EXTERNAL SOURCES:
  CloudPay:
    :path: "../"

SPEC CHECKSUMS:
  AliPay_SDK: 4f94ac544191588946581809b3ad34d1c3e30a83
  CloudPay: 83ac052e16b9503e009d1c7a77270b17c8b1a1ed
  WebViewJavascriptBridge: 7f5bc4d3581e672e8f32bd0f812d54bc69bb8e29
  WechatOpenSDK: 2f0ae448c7525cb5c27db5f7aa0f568de0988fa4

PODFILE CHECKSUM: e9e193a85ef34369b18af02029a369810cea3790

COCOAPODS: 1.11.3
